// !$*UTF8*$!
{
	archiveVersion = 1;
	classes = {
	};
	objectVersion = 56;
	objects = {

/* Begin PBXBuildFile section */
		038B36ED2C329C3B008890FF /* LoginView.swift in Sources */ = {isa = PBXBuildFile; fileRef = 038B36EC2C329C3B008890FF /* LoginView.swift */; };
		038B36EF2C329F52008890FF /* BackgroundImage.swift in Sources */ = {isa = PBXBuildFile; fileRef = 038B36EE2C329F52008890FF /* BackgroundImage.swift */; };
		038B36F12C32A0D0008890FF /* LoginInputFields.swift in Sources */ = {isa = PBXBuildFile; fileRef = 038B36F02C32A0D0008890FF /* LoginInputFields.swift */; };
		038B36F62C32B286008890FF /* FieldsErrorModifier.swift in Sources */ = {isa = PBXBuildFile; fileRef = 038B36F52C32B286008890FF /* FieldsErrorModifier.swift */; };
		038B36F92C32C700008890FF /* ErrorType.swift in Sources */ = {isa = PBXBuildFile; fileRef = 038B36F82C32C700008890FF /* ErrorType.swift */; };
		038B36FB2C32DAB8008890FF /* LoginButton.swift in Sources */ = {isa = PBXBuildFile; fileRef = 038B36FA2C32DAB8008890FF /* LoginButton.swift */; };
		038B36FD2C32DDCE008890FF /* TitleView.swift in Sources */ = {isa = PBXBuildFile; fileRef = 038B36FC2C32DDCE008890FF /* TitleView.swift */; };
		038B36FF2C32EB85008890FF /* RecipesView.swift in Sources */ = {isa = PBXBuildFile; fileRef = 038B36FE2C32EB85008890FF /* RecipesView.swift */; };
		038B37012C33EE49008890FF /* RecipeRow.swift in Sources */ = {isa = PBXBuildFile; fileRef = 038B37002C33EE49008890FF /* RecipeRow.swift */; };
		038B37032C33FCF2008890FF /* RecipeDetailView.swift in Sources */ = {isa = PBXBuildFile; fileRef = 038B37022C33FCF2008890FF /* RecipeDetailView.swift */; };
		038B37072C34054D008890FF /* TabViewsRecipies.swift in Sources */ = {isa = PBXBuildFile; fileRef = 038B37062C34054D008890FF /* TabViewsRecipies.swift */; };
		038B37092C35689B008890FF /* ShoppingListView.swift in Sources */ = {isa = PBXBuildFile; fileRef = 038B37082C35689B008890FF /* ShoppingListView.swift */; };
		038B370B2C3579F2008890FF /* NewRecipeView.swift in Sources */ = {isa = PBXBuildFile; fileRef = 038B370A2C3579F2008890FF /* NewRecipeView.swift */; };
		038B370D2C357A5F008890FF /* DetailsTitle.swift in Sources */ = {isa = PBXBuildFile; fileRef = 038B370C2C357A5F008890FF /* DetailsTitle.swift */; };
		038B370F2C357AF9008890FF /* IngredientsList.swift in Sources */ = {isa = PBXBuildFile; fileRef = 038B370E2C357AF9008890FF /* IngredientsList.swift */; };
		038B37112C358590008890FF /* EmptyListElements.swift in Sources */ = {isa = PBXBuildFile; fileRef = 038B37102C358590008890FF /* EmptyListElements.swift */; };
		038B37132C36CE80008890FF /* NewRecipeFields.swift in Sources */ = {isa = PBXBuildFile; fileRef = 038B37122C36CE80008890FF /* NewRecipeFields.swift */; };
		038B37152C36D0C6008890FF /* ImagePicker.swift in Sources */ = {isa = PBXBuildFile; fileRef = 038B37142C36D0C6008890FF /* ImagePicker.swift */; };
		038B37172C36D1FF008890FF /* RecipeIngredientsInsert.swift in Sources */ = {isa = PBXBuildFile; fileRef = 038B37162C36D1FF008890FF /* RecipeIngredientsInsert.swift */; };
		038B371B2C38059A008890FF /* ShoppingList.swift in Sources */ = {isa = PBXBuildFile; fileRef = 038B371A2C38059A008890FF /* ShoppingList.swift */; };
		038B37212C380C0F008890FF /* SettingsView.swift in Sources */ = {isa = PBXBuildFile; fileRef = 038B37202C380C0F008890FF /* SettingsView.swift */; };
		464D51CD2B88A62600D5AFA5 /* README.md in Resources */ = {isa = PBXBuildFile; fileRef = 464D51CC2B88A62600D5AFA5 /* README.md */; };
		4659D1462B88A2B900CC12EC /* MeineRezepteApp.swift in Sources */ = {isa = PBXBuildFile; fileRef = 4659D1452B88A2B900CC12EC /* MeineRezepteApp.swift */; };
		4659D1482B88A2B900CC12EC /* ContentView.swift in Sources */ = {isa = PBXBuildFile; fileRef = 4659D1472B88A2B900CC12EC /* ContentView.swift */; };
		4659D14A2B88A2BA00CC12EC /* Assets.xcassets in Resources */ = {isa = PBXBuildFile; fileRef = 4659D1492B88A2BA00CC12EC /* Assets.xcassets */; };
		4659D14D2B88A2BA00CC12EC /* Preview Assets.xcassets in Resources */ = {isa = PBXBuildFile; fileRef = 4659D14C2B88A2BA00CC12EC /* Preview Assets.xcassets */; };
		4659D15B2B88A46C00CC12EC /* Recipe.swift in Sources */ = {isa = PBXBuildFile; fileRef = 4659D1552B88A46C00CC12EC /* Recipe.swift */; };
		4659D15C2B88A46C00CC12EC /* Date+Formatting.swift in Sources */ = {isa = PBXBuildFile; fileRef = 4659D1562B88A46C00CC12EC /* Date+Formatting.swift */; };
		4659D15D2B88A46C00CC12EC /* FoodImage.swift in Sources */ = {isa = PBXBuildFile; fileRef = 4659D1572B88A46C00CC12EC /* FoodImage.swift */; };
		4659D15F2B88A46C00CC12EC /* AppContent.swift in Sources */ = {isa = PBXBuildFile; fileRef = 4659D1592B88A46C00CC12EC /* AppContent.swift */; };
/* End PBXBuildFile section */

/* Begin PBXFileReference section */
		038B36EC2C329C3B008890FF /* LoginView.swift */ = {isa = PBXFileReference; lastKnownFileType = sourcecode.swift; path = LoginView.swift; sourceTree = "<group>"; };
		038B36EE2C329F52008890FF /* BackgroundImage.swift */ = {isa = PBXFileReference; lastKnownFileType = sourcecode.swift; path = BackgroundImage.swift; sourceTree = "<group>"; };
		038B36F02C32A0D0008890FF /* LoginInputFields.swift */ = {isa = PBXFileReference; lastKnownFileType = sourcecode.swift; path = LoginInputFields.swift; sourceTree = "<group>"; };
		038B36F52C32B286008890FF /* FieldsErrorModifier.swift */ = {isa = PBXFileReference; lastKnownFileType = sourcecode.swift; path = FieldsErrorModifier.swift; sourceTree = "<group>"; };
		038B36F82C32C700008890FF /* ErrorType.swift */ = {isa = PBXFileReference; lastKnownFileType = sourcecode.swift; path = ErrorType.swift; sourceTree = "<group>"; };
		038B36FA2C32DAB8008890FF /* LoginButton.swift */ = {isa = PBXFileReference; lastKnownFileType = sourcecode.swift; name = LoginButton.swift; path = MeineRezepte/Views/Components/LoginComponents/LoginButton.swift; sourceTree = SOURCE_ROOT; };
		038B36FC2C32DDCE008890FF /* TitleView.swift */ = {isa = PBXFileReference; lastKnownFileType = sourcecode.swift; path = TitleView.swift; sourceTree = "<group>"; };
		038B36FE2C32EB85008890FF /* RecipesView.swift */ = {isa = PBXFileReference; lastKnownFileType = sourcecode.swift; path = RecipesView.swift; sourceTree = "<group>"; };
		038B37002C33EE49008890FF /* RecipeRow.swift */ = {isa = PBXFileReference; lastKnownFileType = sourcecode.swift; path = RecipeRow.swift; sourceTree = "<group>"; };
		038B37022C33FCF2008890FF /* RecipeDetailView.swift */ = {isa = PBXFileReference; lastKnownFileType = sourcecode.swift; path = RecipeDetailView.swift; sourceTree = "<group>"; };
		038B37062C34054D008890FF /* TabViewsRecipies.swift */ = {isa = PBXFileReference; lastKnownFileType = sourcecode.swift; path = TabViewsRecipies.swift; sourceTree = "<group>"; };
		038B37082C35689B008890FF /* ShoppingListView.swift */ = {isa = PBXFileReference; lastKnownFileType = sourcecode.swift; path = ShoppingListView.swift; sourceTree = "<group>"; };
		038B370A2C3579F2008890FF /* NewRecipeView.swift */ = {isa = PBXFileReference; lastKnownFileType = sourcecode.swift; path = NewRecipeView.swift; sourceTree = "<group>"; };
		038B370C2C357A5F008890FF /* DetailsTitle.swift */ = {isa = PBXFileReference; lastKnownFileType = sourcecode.swift; path = DetailsTitle.swift; sourceTree = "<group>"; };
		038B370E2C357AF9008890FF /* IngredientsList.swift */ = {isa = PBXFileReference; lastKnownFileType = sourcecode.swift; path = IngredientsList.swift; sourceTree = "<group>"; };
		038B37102C358590008890FF /* EmptyListElements.swift */ = {isa = PBXFileReference; lastKnownFileType = sourcecode.swift; path = EmptyListElements.swift; sourceTree = "<group>"; };
		038B37122C36CE80008890FF /* NewRecipeFields.swift */ = {isa = PBXFileReference; lastKnownFileType = sourcecode.swift; path = NewRecipeFields.swift; sourceTree = "<group>"; };
		038B37142C36D0C6008890FF /* ImagePicker.swift */ = {isa = PBXFileReference; lastKnownFileType = sourcecode.swift; path = ImagePicker.swift; sourceTree = "<group>"; };
		038B37162C36D1FF008890FF /* RecipeIngredientsInsert.swift */ = {isa = PBXFileReference; lastKnownFileType = sourcecode.swift; path = RecipeIngredientsInsert.swift; sourceTree = "<group>"; };
		038B371A2C38059A008890FF /* ShoppingList.swift */ = {isa = PBXFileReference; lastKnownFileType = sourcecode.swift; path = ShoppingList.swift; sourceTree = "<group>"; };
		038B37202C380C0F008890FF /* SettingsView.swift */ = {isa = PBXFileReference; lastKnownFileType = sourcecode.swift; path = SettingsView.swift; sourceTree = "<group>"; };
		464D51CC2B88A62600D5AFA5 /* README.md */ = {isa = PBXFileReference; fileEncoding = 4; lastKnownFileType = net.daringfireball.markdown; path = README.md; sourceTree = "<group>"; };
		4659D1422B88A2B900CC12EC /* MeineRezepte.app */ = {isa = PBXFileReference; explicitFileType = wrapper.application; includeInIndex = 0; path = MeineRezepte.app; sourceTree = BUILT_PRODUCTS_DIR; };
		4659D1452B88A2B900CC12EC /* MeineRezepteApp.swift */ = {isa = PBXFileReference; lastKnownFileType = sourcecode.swift; path = MeineRezepteApp.swift; sourceTree = "<group>"; };
		4659D1472B88A2B900CC12EC /* ContentView.swift */ = {isa = PBXFileReference; lastKnownFileType = sourcecode.swift; path = ContentView.swift; sourceTree = "<group>"; };
		4659D1492B88A2BA00CC12EC /* Assets.xcassets */ = {isa = PBXFileReference; lastKnownFileType = folder.assetcatalog; path = Assets.xcassets; sourceTree = "<group>"; };
		4659D14C2B88A2BA00CC12EC /* Preview Assets.xcassets */ = {isa = PBXFileReference; lastKnownFileType = folder.assetcatalog; path = "Preview Assets.xcassets"; sourceTree = "<group>"; };
		4659D1552B88A46C00CC12EC /* Recipe.swift */ = {isa = PBXFileReference; fileEncoding = 4; lastKnownFileType = sourcecode.swift; path = Recipe.swift; sourceTree = "<group>"; };
		4659D1562B88A46C00CC12EC /* Date+Formatting.swift */ = {isa = PBXFileReference; fileEncoding = 4; lastKnownFileType = sourcecode.swift; path = "Date+Formatting.swift"; sourceTree = "<group>"; };
		4659D1572B88A46C00CC12EC /* FoodImage.swift */ = {isa = PBXFileReference; fileEncoding = 4; lastKnownFileType = sourcecode.swift; path = FoodImage.swift; sourceTree = "<group>"; };
		4659D1592B88A46C00CC12EC /* AppContent.swift */ = {isa = PBXFileReference; fileEncoding = 4; lastKnownFileType = sourcecode.swift; path = AppContent.swift; sourceTree = "<group>"; };
/* End PBXFileReference section */

/* Begin PBXFrameworksBuildPhase section */
		4659D13F2B88A2B900CC12EC /* Frameworks */ = {
			isa = PBXFrameworksBuildPhase;
			buildActionMask = 2147483647;
			files = (
			);
			runOnlyForDeploymentPostprocessing = 0;
		};
/* End PBXFrameworksBuildPhase section */

/* Begin PBXGroup section */
		038B36F22C32A556008890FF /* Modifiers */ = {
			isa = PBXGroup;
			children = (
				038B36F52C32B286008890FF /* FieldsErrorModifier.swift */,
			);
			path = Modifiers;
			sourceTree = "<group>";
		};
		038B36F72C32C6E7008890FF /* Enums */ = {
			isa = PBXGroup;
			children = (
				038B36F82C32C700008890FF /* ErrorType.swift */,
			);
			path = Enums;
			sourceTree = "<group>";
		};
		038B371C2C3806F2008890FF /* LoginComponents */ = {
			isa = PBXGroup;
			children = (
				038B36FC2C32DDCE008890FF /* TitleView.swift */,
				038B36FA2C32DAB8008890FF /* LoginButton.swift */,
				038B36EE2C329F52008890FF /* BackgroundImage.swift */,
				038B36F02C32A0D0008890FF /* LoginInputFields.swift */,
			);
			path = LoginComponents;
			sourceTree = "<group>";
		};
		038B371D2C380736008890FF /* Recipes&DetailsComponents */ = {
			isa = PBXGroup;
			children = (
				038B370E2C357AF9008890FF /* IngredientsList.swift */,
				038B370C2C357A5F008890FF /* DetailsTitle.swift */,
				038B37002C33EE49008890FF /* RecipeRow.swift */,
			);
			path = "Recipes&DetailsComponents";
			sourceTree = "<group>";
		};
		038B371E2C380775008890FF /* NewRecipeComponents */ = {
			isa = PBXGroup;
			children = (
				038B37162C36D1FF008890FF /* RecipeIngredientsInsert.swift */,
				038B37142C36D0C6008890FF /* ImagePicker.swift */,
				038B37122C36CE80008890FF /* NewRecipeFields.swift */,
			);
			path = NewRecipeComponents;
			sourceTree = "<group>";
		};
		038B371F2C38079D008890FF /* ShoppingListViewComponents */ = {
			isa = PBXGroup;
			children = (
				038B371A2C38059A008890FF /* ShoppingList.swift */,
				038B37102C358590008890FF /* EmptyListElements.swift */,
			);
			path = ShoppingListViewComponents;
			sourceTree = "<group>";
		};
		4659D1392B88A2B900CC12EC = {
			isa = PBXGroup;
			children = (
				464D51CC2B88A62600D5AFA5 /* README.md */,
				4659D1442B88A2B900CC12EC /* MeineRezepte */,
				4659D1432B88A2B900CC12EC /* Products */,
			);
			sourceTree = "<group>";
		};
		4659D1432B88A2B900CC12EC /* Products */ = {
			isa = PBXGroup;
			children = (
				4659D1422B88A2B900CC12EC /* MeineRezepte.app */,
			);
			name = Products;
			sourceTree = "<group>";
		};
		4659D1442B88A2B900CC12EC /* MeineRezepte */ = {
			isa = PBXGroup;
			children = (
				4659D1452B88A2B900CC12EC /* MeineRezepteApp.swift */,
				038B36F72C32C6E7008890FF /* Enums */,
				038B36F22C32A556008890FF /* Modifiers */,
				4659D1542B88A46C00CC12EC /* Models */,
				4659D1612B88A4B200CC12EC /* Views */,
				4659D1492B88A2BA00CC12EC /* Assets.xcassets */,
				4659D14B2B88A2BA00CC12EC /* Preview Content */,
			);
			path = MeineRezepte;
			sourceTree = "<group>";
		};
		4659D14B2B88A2BA00CC12EC /* Preview Content */ = {
			isa = PBXGroup;
			children = (
				4659D14C2B88A2BA00CC12EC /* Preview Assets.xcassets */,
			);
			path = "Preview Content";
			sourceTree = "<group>";
		};
		4659D1542B88A46C00CC12EC /* Models */ = {
			isa = PBXGroup;
			children = (
				4659D1552B88A46C00CC12EC /* Recipe.swift */,
				4659D1562B88A46C00CC12EC /* Date+Formatting.swift */,
				4659D1572B88A46C00CC12EC /* FoodImage.swift */,
				4659D1592B88A46C00CC12EC /* AppContent.swift */,
			);
			path = Models;
			sourceTree = "<group>";
		};
		4659D1612B88A4B200CC12EC /* Views */ = {
			isa = PBXGroup;
			children = (
				4659D1632B88A4CE00CC12EC /* Components */,
				4659D1622B88A4C300CC12EC /* Screens */,
			);
			path = Views;
			sourceTree = "<group>";
		};
		4659D1622B88A4C300CC12EC /* Screens */ = {
			isa = PBXGroup;
			children = (
				038B37082C35689B008890FF /* ShoppingListView.swift */,
				4659D1472B88A2B900CC12EC /* ContentView.swift */,
				038B36EC2C329C3B008890FF /* LoginView.swift */,
				038B36FE2C32EB85008890FF /* RecipesView.swift */,
				038B37022C33FCF2008890FF /* RecipeDetailView.swift */,
				038B37062C34054D008890FF /* TabViewsRecipies.swift */,
				038B370A2C3579F2008890FF /* NewRecipeView.swift */,
				038B37202C380C0F008890FF /* SettingsView.swift */,
			);
			path = Screens;
			sourceTree = "<group>";
		};
		4659D1632B88A4CE00CC12EC /* Components */ = {
			isa = PBXGroup;
			children = (
				038B371F2C38079D008890FF /* ShoppingListViewComponents */,
				038B371E2C380775008890FF /* NewRecipeComponents */,
				038B371D2C380736008890FF /* Recipes&DetailsComponents */,
				038B371C2C3806F2008890FF /* LoginComponents */,
			);
			path = Components;
			sourceTree = "<group>";
		};
/* End PBXGroup section */

/* Begin PBXNativeTarget section */
		4659D1412B88A2B900CC12EC /* MeineRezepte */ = {
			isa = PBXNativeTarget;
			buildConfigurationList = 4659D1502B88A2BA00CC12EC /* Build configuration list for PBXNativeTarget "MeineRezepte" */;
			buildPhases = (
				4659D13E2B88A2B900CC12EC /* Sources */,
				4659D13F2B88A2B900CC12EC /* Frameworks */,
				4659D1402B88A2B900CC12EC /* Resources */,
			);
			buildRules = (
			);
			dependencies = (
			);
			name = MeineRezepte;
			productName = MeineRezepte;
			productReference = 4659D1422B88A2B900CC12EC /* MeineRezepte.app */;
			productType = "com.apple.product-type.application";
		};
/* End PBXNativeTarget section */

/* Begin PBXProject section */
		4659D13A2B88A2B900CC12EC /* Project object */ = {
			isa = PBXProject;
			attributes = {
				BuildIndependentTargetsInParallel = 1;
				LastSwiftUpdateCheck = 1520;
				LastUpgradeCheck = 1520;
				TargetAttributes = {
					4659D1412B88A2B900CC12EC = {
						CreatedOnToolsVersion = 15.2;
					};
				};
			};
			buildConfigurationList = 4659D13D2B88A2B900CC12EC /* Build configuration list for PBXProject "MeineRezepte" */;
			compatibilityVersion = "Xcode 14.0";
			developmentRegion = en;
			hasScannedForEncodings = 0;
			knownRegions = (
				en,
				Base,
			);
			mainGroup = 4659D1392B88A2B900CC12EC;
			productRefGroup = 4659D1432B88A2B900CC12EC /* Products */;
			projectDirPath = "";
			projectRoot = "";
			targets = (
				4659D1412B88A2B900CC12EC /* MeineRezepte */,
			);
		};
/* End PBXProject section */

/* Begin PBXResourcesBuildPhase section */
		4659D1402B88A2B900CC12EC /* Resources */ = {
			isa = PBXResourcesBuildPhase;
			buildActionMask = 2147483647;
			files = (
				464D51CD2B88A62600D5AFA5 /* README.md in Resources */,
				4659D14D2B88A2BA00CC12EC /* Preview Assets.xcassets in Resources */,
				4659D14A2B88A2BA00CC12EC /* Assets.xcassets in Resources */,
			);
			runOnlyForDeploymentPostprocessing = 0;
		};
/* End PBXResourcesBuildPhase section */

/* Begin PBXSourcesBuildPhase section */
		4659D13E2B88A2B900CC12EC /* Sources */ = {
			isa = PBXSourcesBuildPhase;
			buildActionMask = 2147483647;
			files = (
				4659D15C2B88A46C00CC12EC /* Date+Formatting.swift in Sources */,
				038B36FB2C32DAB8008890FF /* LoginButton.swift in Sources */,
				038B36ED2C329C3B008890FF /* LoginView.swift in Sources */,
				038B371B2C38059A008890FF /* ShoppingList.swift in Sources */,
				4659D15F2B88A46C00CC12EC /* AppContent.swift in Sources */,
				038B36EF2C329F52008890FF /* BackgroundImage.swift in Sources */,
				038B370D2C357A5F008890FF /* DetailsTitle.swift in Sources */,
				4659D15B2B88A46C00CC12EC /* Recipe.swift in Sources */,
				038B37092C35689B008890FF /* ShoppingListView.swift in Sources */,
				038B37112C358590008890FF /* EmptyListElements.swift in Sources */,
				038B36FF2C32EB85008890FF /* RecipesView.swift in Sources */,
				038B37132C36CE80008890FF /* NewRecipeFields.swift in Sources */,
				038B37032C33FCF2008890FF /* RecipeDetailView.swift in Sources */,
				4659D15D2B88A46C00CC12EC /* FoodImage.swift in Sources */,
				038B37072C34054D008890FF /* TabViewsRecipies.swift in Sources */,
				038B36F92C32C700008890FF /* ErrorType.swift in Sources */,
				4659D1482B88A2B900CC12EC /* ContentView.swift in Sources */,
				4659D1462B88A2B900CC12EC /* MeineRezepteApp.swift in Sources */,
				038B370F2C357AF9008890FF /* IngredientsList.swift in Sources */,
				038B370B2C3579F2008890FF /* NewRecipeView.swift in Sources */,
				038B36F62C32B286008890FF /* FieldsErrorModifier.swift in Sources */,
				038B37212C380C0F008890FF /* SettingsView.swift in Sources */,
				038B36FD2C32DDCE008890FF /* TitleView.swift in Sources */,
				038B37172C36D1FF008890FF /* RecipeIngredientsInsert.swift in Sources */,
				038B37152C36D0C6008890FF /* ImagePicker.swift in Sources */,
				038B36F12C32A0D0008890FF /* LoginInputFields.swift in Sources */,
				038B37012C33EE49008890FF /* RecipeRow.swift in Sources */,
			);
			runOnlyForDeploymentPostprocessing = 0;
		};
/* End PBXSourcesBuildPhase section */

/* Begin XCBuildConfiguration section */
		4659D14E2B88A2BA00CC12EC /* Debug */ = {
			isa = XCBuildConfiguration;
			buildSettings = {
				ALWAYS_SEARCH_USER_PATHS = NO;
				ASSETCATALOG_COMPILER_GENERATE_SWIFT_ASSET_SYMBOL_EXTENSIONS = YES;
				CLANG_ANALYZER_NONNULL = YES;
				CLANG_ANALYZER_NUMBER_OBJECT_CONVERSION = YES_AGGRESSIVE;
				CLANG_CXX_LANGUAGE_STANDARD = "gnu++20";
				CLANG_ENABLE_MODULES = YES;
				CLANG_ENABLE_OBJC_ARC = YES;
				CLANG_ENABLE_OBJC_WEAK = YES;
				CLANG_WARN_BLOCK_CAPTURE_AUTORELEASING = YES;
				CLANG_WARN_BOOL_CONVERSION = YES;
				CLANG_WARN_COMMA = YES;
				CLANG_WARN_CONSTANT_CONVERSION = YES;
				CLANG_WARN_DEPRECATED_OBJC_IMPLEMENTATIONS = YES;
				CLANG_WARN_DIRECT_OBJC_ISA_USAGE = YES_ERROR;
				CLANG_WARN_DOCUMENTATION_COMMENTS = YES;
				CLANG_WARN_EMPTY_BODY = YES;
				CLANG_WARN_ENUM_CONVERSION = YES;
				CLANG_WARN_INFINITE_RECURSION = YES;
				CLANG_WARN_INT_CONVERSION = YES;
				CLANG_WARN_NON_LITERAL_NULL_CONVERSION = YES;
				CLANG_WARN_OBJC_IMPLICIT_RETAIN_SELF = YES;
				CLANG_WARN_OBJC_LITERAL_CONVERSION = YES;
				CLANG_WARN_OBJC_ROOT_CLASS = YES_ERROR;
				CLANG_WARN_QUOTED_INCLUDE_IN_FRAMEWORK_HEADER = YES;
				CLANG_WARN_RANGE_LOOP_ANALYSIS = YES;
				CLANG_WARN_STRICT_PROTOTYPES = YES;
				CLANG_WARN_SUSPICIOUS_MOVE = YES;
				CLANG_WARN_UNGUARDED_AVAILABILITY = YES_AGGRESSIVE;
				CLANG_WARN_UNREACHABLE_CODE = YES;
				CLANG_WARN__DUPLICATE_METHOD_MATCH = YES;
				COPY_PHASE_STRIP = NO;
				DEBUG_INFORMATION_FORMAT = dwarf;
				ENABLE_STRICT_OBJC_MSGSEND = YES;
				ENABLE_TESTABILITY = YES;
				ENABLE_USER_SCRIPT_SANDBOXING = YES;
				GCC_C_LANGUAGE_STANDARD = gnu17;
				GCC_DYNAMIC_NO_PIC = NO;
				GCC_NO_COMMON_BLOCKS = YES;
				GCC_OPTIMIZATION_LEVEL = 0;
				GCC_PREPROCESSOR_DEFINITIONS = (
					"DEBUG=1",
					"$(inherited)",
				);
				GCC_WARN_64_TO_32_BIT_CONVERSION = YES;
				GCC_WARN_ABOUT_RETURN_TYPE = YES_ERROR;
				GCC_WARN_UNDECLARED_SELECTOR = YES;
				GCC_WARN_UNINITIALIZED_AUTOS = YES_AGGRESSIVE;
				GCC_WARN_UNUSED_FUNCTION = YES;
				GCC_WARN_UNUSED_VARIABLE = YES;
				IPHONEOS_DEPLOYMENT_TARGET = 17.2;
				LOCALIZATION_PREFERS_STRING_CATALOGS = YES;
				MTL_ENABLE_DEBUG_INFO = INCLUDE_SOURCE;
				MTL_FAST_MATH = YES;
				ONLY_ACTIVE_ARCH = YES;
				SDKROOT = iphoneos;
				SWIFT_ACTIVE_COMPILATION_CONDITIONS = "DEBUG $(inherited)";
				SWIFT_OPTIMIZATION_LEVEL = "-Onone";
			};
			name = Debug;
		};
		4659D14F2B88A2BA00CC12EC /* Release */ = {
			isa = XCBuildConfiguration;
			buildSettings = {
				ALWAYS_SEARCH_USER_PATHS = NO;
				ASSETCATALOG_COMPILER_GENERATE_SWIFT_ASSET_SYMBOL_EXTENSIONS = YES;
				CLANG_ANALYZER_NONNULL = YES;
				CLANG_ANALYZER_NUMBER_OBJECT_CONVERSION = YES_AGGRESSIVE;
				CLANG_CXX_LANGUAGE_STANDARD = "gnu++20";
				CLANG_ENABLE_MODULES = YES;
				CLANG_ENABLE_OBJC_ARC = YES;
				CLANG_ENABLE_OBJC_WEAK = YES;
				CLANG_WARN_BLOCK_CAPTURE_AUTORELEASING = YES;
				CLANG_WARN_BOOL_CONVERSION = YES;
				CLANG_WARN_COMMA = YES;
				CLANG_WARN_CONSTANT_CONVERSION = YES;
				CLANG_WARN_DEPRECATED_OBJC_IMPLEMENTATIONS = YES;
				CLANG_WARN_DIRECT_OBJC_ISA_USAGE = YES_ERROR;
				CLANG_WARN_DOCUMENTATION_COMMENTS = YES;
				CLANG_WARN_EMPTY_BODY = YES;
				CLANG_WARN_ENUM_CONVERSION = YES;
				CLANG_WARN_INFINITE_RECURSION = YES;
				CLANG_WARN_INT_CONVERSION = YES;
				CLANG_WARN_NON_LITERAL_NULL_CONVERSION = YES;
				CLANG_WARN_OBJC_IMPLICIT_RETAIN_SELF = YES;
				CLANG_WARN_OBJC_LITERAL_CONVERSION = YES;
				CLANG_WARN_OBJC_ROOT_CLASS = YES_ERROR;
				CLANG_WARN_QUOTED_INCLUDE_IN_FRAMEWORK_HEADER = YES;
				CLANG_WARN_RANGE_LOOP_ANALYSIS = YES;
				CLANG_WARN_STRICT_PROTOTYPES = YES;
				CLANG_WARN_SUSPICIOUS_MOVE = YES;
				CLANG_WARN_UNGUARDED_AVAILABILITY = YES_AGGRESSIVE;
				CLANG_WARN_UNREACHABLE_CODE = YES;
				CLANG_WARN__DUPLICATE_METHOD_MATCH = YES;
				COPY_PHASE_STRIP = NO;
				DEBUG_INFORMATION_FORMAT = "dwarf-with-dsym";
				ENABLE_NS_ASSERTIONS = NO;
				ENABLE_STRICT_OBJC_MSGSEND = YES;
				ENABLE_USER_SCRIPT_SANDBOXING = YES;
				GCC_C_LANGUAGE_STANDARD = gnu17;
				GCC_NO_COMMON_BLOCKS = YES;
				GCC_WARN_64_TO_32_BIT_CONVERSION = YES;
				GCC_WARN_ABOUT_RETURN_TYPE = YES_ERROR;
				GCC_WARN_UNDECLARED_SELECTOR = YES;
				GCC_WARN_UNINITIALIZED_AUTOS = YES_AGGRESSIVE;
				GCC_WARN_UNUSED_FUNCTION = YES;
				GCC_WARN_UNUSED_VARIABLE = YES;
				IPHONEOS_DEPLOYMENT_TARGET = 17.2;
				LOCALIZATION_PREFERS_STRING_CATALOGS = YES;
				MTL_ENABLE_DEBUG_INFO = NO;
				MTL_FAST_MATH = YES;
				SDKROOT = iphoneos;
				SWIFT_COMPILATION_MODE = wholemodule;
				VALIDATE_PRODUCT = YES;
			};
			name = Release;
		};
		4659D1512B88A2BA00CC12EC /* Debug */ = {
			isa = XCBuildConfiguration;
			buildSettings = {
				ASSETCATALOG_COMPILER_APPICON_NAME = AppIcon;
				ASSETCATALOG_COMPILER_GLOBAL_ACCENT_COLOR_NAME = AccentColor;
				CODE_SIGN_STYLE = Automatic;
				CURRENT_PROJECT_VERSION = 1;
				DEVELOPMENT_ASSET_PATHS = "\"MeineRezepte/Preview Content\"";
				ENABLE_PREVIEWS = YES;
				GENERATE_INFOPLIST_FILE = YES;
				INFOPLIST_KEY_UIApplicationSceneManifest_Generation = YES;
				INFOPLIST_KEY_UIApplicationSupportsIndirectInputEvents = YES;
				INFOPLIST_KEY_UILaunchScreen_Generation = YES;
				INFOPLIST_KEY_UISupportedInterfaceOrientations_iPad = "UIInterfaceOrientationPortrait UIInterfaceOrientationPortraitUpsideDown UIInterfaceOrientationLandscapeLeft UIInterfaceOrientationLandscapeRight";
				INFOPLIST_KEY_UISupportedInterfaceOrientations_iPhone = "UIInterfaceOrientationPortrait UIInterfaceOrientationLandscapeLeft UIInterfaceOrientationLandscapeRight";
				LD_RUNPATH_SEARCH_PATHS = (
					"$(inherited)",
					"@executable_path/Frameworks",
				);
				MARKETING_VERSION = 1.0;
				PRODUCT_BUNDLE_IDENTIFIER = "de.syntax-institut.MeineRezepte";
				PRODUCT_NAME = "$(TARGET_NAME)";
				SWIFT_EMIT_LOC_STRINGS = YES;
				SWIFT_VERSION = 5.0;
				TARGETED_DEVICE_FAMILY = "1,2";
			};
			name = Debug;
		};
		4659D1522B88A2BA00CC12EC /* Release */ = {
			isa = XCBuildConfiguration;
			buildSettings = {
				ASSETCATALOG_COMPILER_APPICON_NAME = AppIcon;
				ASSETCATALOG_COMPILER_GLOBAL_ACCENT_COLOR_NAME = AccentColor;
				CODE_SIGN_STYLE = Automatic;
				CURRENT_PROJECT_VERSION = 1;
				DEVELOPMENT_ASSET_PATHS = "\"MeineRezepte/Preview Content\"";
				ENABLE_PREVIEWS = YES;
				GENERATE_INFOPLIST_FILE = YES;
				INFOPLIST_KEY_UIApplicationSceneManifest_Generation = YES;
				INFOPLIST_KEY_UIApplicationSupportsIndirectInputEvents = YES;
				INFOPLIST_KEY_UILaunchScreen_Generation = YES;
				INFOPLIST_KEY_UISupportedInterfaceOrientations_iPad = "UIInterfaceOrientationPortrait UIInterfaceOrientationPortraitUpsideDown UIInterfaceOrientationLandscapeLeft UIInterfaceOrientationLandscapeRight";
				INFOPLIST_KEY_UISupportedInterfaceOrientations_iPhone = "UIInterfaceOrientationPortrait UIInterfaceOrientationLandscapeLeft UIInterfaceOrientationLandscapeRight";
				LD_RUNPATH_SEARCH_PATHS = (
					"$(inherited)",
					"@executable_path/Frameworks",
				);
				MARKETING_VERSION = 1.0;
				PRODUCT_BUNDLE_IDENTIFIER = "de.syntax-institut.MeineRezepte";
				PRODUCT_NAME = "$(TARGET_NAME)";
				SWIFT_EMIT_LOC_STRINGS = YES;
				SWIFT_VERSION = 5.0;
				TARGETED_DEVICE_FAMILY = "1,2";
			};
			name = Release;
		};
/* End XCBuildConfiguration section */

/* Begin XCConfigurationList section */
		4659D13D2B88A2B900CC12EC /* Build configuration list for PBXProject "MeineRezepte" */ = {
			isa = XCConfigurationList;
			buildConfigurations = (
				4659D14E2B88A2BA00CC12EC /* Debug */,
				4659D14F2B88A2BA00CC12EC /* Release */,
			);
			defaultConfigurationIsVisible = 0;
			defaultConfigurationName = Release;
		};
		4659D1502B88A2BA00CC12EC /* Build configuration list for PBXNativeTarget "MeineRezepte" */ = {
			isa = XCConfigurationList;
			buildConfigurations = (
				4659D1512B88A2BA00CC12EC /* Debug */,
				4659D1522B88A2BA00CC12EC /* Release */,
			);
			defaultConfigurationIsVisible = 0;
			defaultConfigurationName = Release;
		};
/* End XCConfigurationList section */
	};
	rootObject = 4659D13A2B88A2B900CC12EC /* Project object */;
}
